
Microsoft Visual Studio Solution File, Format Version 12.00
# Visual Studio Version 17
VisualStudioVersion = 17.3.32901.215
MinimumVisualStudioVersion = 10.0.40219.1
Project("{888888A0-9F3D-457C-B088-3A5042F75D52}") = "sd_super", "sd_super\sd_super.pyproj", "{F9B0B51E-B9AD-4079-8BE2-D8F2D7F7BBDE}"
EndProject
Global
	GlobalSection(SolutionConfigurationPlatforms) = preSolution
		Debug|Any CPU = Debug|Any CPU
		Release|Any CPU = Release|Any CPU
	EndGlobalSection
	GlobalSection(ProjectConfigurationPlatforms) = postSolution
		{F9B0B51E-B9AD-4079-8BE2-D8F2D7F7BBDE}.Debug|Any CPU.ActiveCfg = Debug|Any CPU
		{F9B0B51E-B9AD-4079-8BE2-D8F2D7F7BBDE}.Release|Any CPU.ActiveCfg = Release|Any CPU
	EndGlobalSection
	GlobalSection(SolutionProperties) = preSolution
		HideSolutionNode = FALSE
	EndGlobalSection
	GlobalSection(ExtensibilityGlobals) = postSolution
		SolutionGuid = {CE659DDB-4BC6-4A19-918D-B20C17FC226D}
	EndGlobalSection
EndGlobal
